{
  "nodes": {
    "home-manager": {
      "inputs": {
        "nixpkgs": [
          "nixpkgs"
        ]
      },
      "locked": {
        "lastModified": 1753467329,
        "narHash": "sha256-gZMJF9WjuaM0HvNPweaYEtWpA1veAHcNHhyGeNgL4tw=",
        "owner": "nix-community",
        "repo": "home-manager",
        "rev": "9fca4915873d488f267253b00998669697a26453",
        "type": "github"
      },
      "original": {
        "owner": "nix-community",
        "repo": "home-manager",
        "type": "github"
      }
    },
    "home-manager_2": {
      "inputs": {
        "nixpkgs": [
          "zen-browser",
          "nixpkgs"
        ]
      },
      "locked": {
        "lastModified": 1753617834,
        "narHash": "sha256-WEVfKrdIdu5CpppJ0Va3vzP0DKlS+ZTLbBjugMO2Drg=",
        "owner": "nix-community",
        "repo": "home-manager",
        "rev": "72cc1e3134a35005006f06640724319caa424737",
        "type": "github"
      },
      "original": {
        "owner": "nix-community",
        "repo": "home-manager",
        "type": "github"
      }
    },
    "nixpkgs": {
      "locked": {
        "lastModified": 1753250450,
        "narHash": "sha256-i+CQV2rPmP8wHxj0aq4siYyohHwVlsh40kV89f3nw1s=",
        "owner": "nixos",
        "repo": "nixpkgs",
        "rev": "fc02ee70efb805d3b2865908a13ddd4474557ecf",
        "type": "github"
      },
      "original": {
        "owner": "nixos",
        "ref": "nixos-unstable",
        "repo": "nixpkgs",
        "type": "github"
      }
    },
    "root": {
      "inputs": {
        "home-manager": "home-manager",
        "nixpkgs": "nixpkgs",
        "zen-browser": "zen-browser"
      }
    },
    "zen-browser": {
      "inputs": {
        "home-manager": "home-manager_2",
        "nixpkgs": [
          "nixpkgs"
        ]
      },
      "locked": {
        "lastModified": 1753623063,
        "narHash": "sha256-fS4zlM4Bs0sk9rGS1t1wp4SLQRzkpIr7vXCfMc8NpNY=",
        "owner": "0xc000022070",
        "repo": "zen-browser-flake",
        "rev": "4d72beff27e2152b2b1df05202b2dc50397d4c0d",
        "type": "github"
      },
      "original": {
        "owner": "0xc000022070",
        "repo": "zen-browser-flake",
        "type": "github"
      }
    }
  },
  "root": "root",
  "version": 7
}
